<?xml version="1.0" encoding="utf-8"?>
<Project ToolsVersion="4.0" xmlns="http://schemas.microsoft.com/developer/msbuild/2003">
  <ItemGroup>
    <ClCompile Include="App.cpp" />
    <ClCompile Include="Building.cpp" />
    <ClCompile Include="Car.cpp" />
    <ClCompile Include="Cube.cpp" />
    <ClCompile Include="Cylinder.cpp" />
    <ClCompile Include="DriverCamera.cpp" />
    <ClCompile Include="FPSCamera.cpp" />
    <ClCompile Include="FrontWall.cpp" />
    <ClCompile Include="Input.cpp" />
    <ClCompile Include="LuxuryRoom.cpp" />
    <ClCompile Include="MainCar.cpp" />
    <ClCompile Include="OrbitCamera.cpp" />
    <ClCompile Include="Point.cpp" />
    <ClCompile Include="Pyramid.cpp" />
    <ClCompile Include="src\main.cpp" />
    <ClCompile Include="Texture.cpp" />
    <ClCompile Include="World.cpp" />
  </ItemGroup>
  <ItemGroup>
    <ClCompile Include="src\main.cpp">
      <Filter>Source Files\src</Filter>
    </ClCompile>
    <ClCompile Include="App.cpp">
      <Filter>Source Files\src</Filter>
    </ClCompile>
    <ClCompile Include="Input.cpp">
      <Filter>Source Files\Core</Filter>
    </ClCompile>
    <ClCompile Include="FPSCamera.cpp">
      <Filter>Source Files\Camera</Filter>
    </ClCompile>
    <ClCompile Include="OrbitCamera.cpp">
      <Filter>Source Files\Camera</Filter>
    </ClCompile>
    <ClCompile Include="DriverCamera.cpp">
      <Filter>Source Files\Camera</Filter>
    </ClCompile>
    <ClCompile Include="Car.cpp">
      <Filter>Source Files\Entities</Filter>
    </ClCompile>
    <ClCompile Include="MainCar.cpp">
      <Filter>Source Files\Entities</Filter>
    </ClCompile>
    <ClCompile Include="Texture.cpp">
      <Filter>Source Files\Rendre</Filter>
    </ClCompile>
    <ClCompile Include="World.cpp">
      <Filter>Source Files\Scene</Filter>
    </ClCompile>
    <ClCompile Include="Building.cpp">
      <Filter>Source Files</Filter>
    </ClCompile>
    <ClCompile Include="Cube.cpp">
      <Filter>Source Files</Filter>
    </ClCompile>
    <ClCompile Include="Cylinder.cpp">
      <Filter>Source Files</Filter>
    </ClCompile>
    <ClCompile Include="Point.cpp">
      <Filter>Source Files</Filter>
    </ClCompile>
    <ClCompile Include="Pyramid.cpp">
      <Filter>Source Files</Filter>
    </ClCompile>
    <ClCompile Include="LuxuryRoom.cpp">
      <Filter>Source Files\Rooms</Filter>
    <ClCompile Include="FrontWall.cpp">
      <Filter>Source Files\FrontWall</Filter>
    </ClCompile>
  </ItemGroup>
  <ItemGroup>
    <ClInclude Include="Time.h">
      <Filter>Source Files\Core</Filter>
    </ClInclude>
    <ClInclude Include="Math3D.h">
      <Filter>Source Files\Core</Filter>
    </ClInclude>
    <ClInclude Include="Input.h">
      <Filter>Source Files\Core</Filter>
    </ClInclude>
    <ClInclude Include="CameraBase.h">
      <Filter>Source Files\Camera</Filter>
    </ClInclude>
    <ClInclude Include="FPSCamera.h">
      <Filter>Source Files\Camera</Filter>
    </ClInclude>
    <ClInclude Include="OrbitCamera.h">
      <Filter>Source Files\Camera</Filter>
    </ClInclude>
    <ClInclude Include="DriverCamera.h">
      <Filter>Source Files\Camera</Filter>
    </ClInclude>
    <ClInclude Include="Entity.h">
      <Filter>Source Files\Entities</Filter>
    </ClInclude>
    <ClInclude Include="Car.h">
      <Filter>Source Files\Entities</Filter>
    </ClInclude>
    <ClInclude Include="MainCar.h">
      <Filter>Source Files\Entities</Filter>
    </ClInclude>
    <ClInclude Include="RenderState.h">
      <Filter>Source Files\Rendre</Filter>
    </ClInclude>
    <ClInclude Include="Texture.h">
      <Filter>Source Files\Rendre</Filter>
    </ClInclude>
    <ClInclude Include="Transparency.h">
      <Filter>Source Files\Rendre</Filter>
    </ClInclude>
    <ClInclude Include="Material.h">
      <Filter>Source Files\Rendre</Filter>
    </ClInclude>
    <ClInclude Include="AABB.h">
      <Filter>Source Files\Physics</Filter>
    </ClInclude>
    <ClInclude Include="World.h">
      <Filter>Source Files\Scene</Filter>
    </ClInclude>
    <ClInclude Include="App.h">
      <Filter>Source Files\Core</Filter>
    </ClInclude>
    <ClInclude Include="GLWin.h">
      <Filter>Source Files\Core</Filter>
    </ClInclude>
    <ClInclude Include="AABB.h" />
    <ClInclude Include="App.h" />
    <ClInclude Include="Building.h" />
    <ClInclude Include="CameraBase.h" />
    <ClInclude Include="Car.h" />
    <ClInclude Include="Cube.h" />
    <ClInclude Include="Cylinder.h" />
    <ClInclude Include="DriverCamera.h" />
    <ClInclude Include="Entity.h" />
    <ClInclude Include="FPSCamera.h" />
    <ClInclude Include="FrontWall.h" />
    <ClInclude Include="GLWin.h" />
    <ClInclude Include="LuxuryRoom.h" />
    <ClInclude Include="Material.h" />
    <ClInclude Include="Point.h" />
    <ClInclude Include="Pyramid.h" />
    <ClInclude Include="RenderState.h" />
    <ClInclude Include="Input.h" />
    <ClInclude Include="MainCar.h" />
    <ClInclude Include="Math3D.h" />
    <ClInclude Include="OrbitCamera.h" />
    <ClInclude Include="SpotLight.h" />
    <ClInclude Include="stb_image.h" />
    <ClInclude Include="LuxuryRoom.h">
      <Filter>Source Files\Rooms</Filter>
    </ClInclude>
    <ClInclude Include="FrontWall.h" />
    <ClInclude Include="Switch.h" />
    <ClInclude Include="Texture.h" />
    <ClInclude Include="Time.h" />
    <ClInclude Include="Transparency.h" />
    <ClInclude Include="World.h" />
    <ClInclude Include="Collision.h" />
    <ClInclude Include="CollisionUtils.h" />
  </ItemGroup>
  <ItemGroup>
    <Image Include="..\..\..\..\Downloads\textures\stone.jpg" />
    <Image Include="assets\textures\roof.jpg" />
    <Image Include="assets\textures\main_floor1.jpg" />
    <Image Include="assets\textures\main_floor2.jpg" />
    <Image Include="assets\textures\stone.jpg" />
    <Image Include="assets\textures\wood.jpg">
      <Filter>Source Files\assets\textures</Filter>
    </Image>
    <Image Include="assets\textures\wall.jpg">
      <Filter>Source Files\assets\textures</Filter>
    </Image>
    <Image Include="assets\textures\roof.jpg">
    <Image Include="assets\textures\main_floor2.jpg">
      <Filter>Source Files\assets\textures</Filter>
    </Image>
    <Image Include="assets\textures\main_floor1.jpg">
      <Filter>Source Files\assets\textures</Filter>
    </Image>
    <Image Include="assets\textures\wall.jpg" />
    <Image Include="assets\textures\wood.jpg" />
  </ItemGroup>
</Project>